
Microsoft Visual Studio Solution File, Format Version 12.00
# Visual Studio Version 16
VisualStudioVersion = 16.0.33130.400
MinimumVisualStudioVersion = 10.0.40219.1
Project("{FAE04EC0-301F-11D3-BF4B-00C04F79EFBC}") = "lab 3", "lab 3.csproj", "{0702145B-CC71-4EB1-A406-191343306584}"
EndProject
Global
	GlobalSection(SolutionConfigurationPlatforms) = preSolution
		Debug|Any CPU = Debug|Any CPU
		Release|Any CPU = Release|Any CPU
	EndGlobalSection
	GlobalSection(ProjectConfigurationPlatforms) = postSolution
		{0702145B-CC71-4EB1-A406-191343306584}.Debug|Any CPU.ActiveCfg = Debug|Any CPU
		{0702145B-CC71-4EB1-A406-191343306584}.Debug|Any CPU.Build.0 = Debug|Any CPU
		{0702145B-CC71-4EB1-A406-191343306584}.Release|Any CPU.ActiveCfg = Release|Any CPU
		{0702145B-CC71-4EB1-A406-191343306584}.Release|Any CPU.Build.0 = Release|Any CPU
	EndGlobalSection
	GlobalSection(SolutionProperties) = preSolution
		HideSolutionNode = FALSE
	EndGlobalSection
	GlobalSection(ExtensibilityGlobals) = postSolution
		SolutionGuid = {F3070003-6814-4BC0-A930-EC5C9058E409}
	EndGlobalSection
EndGlobal
