
Microsoft Visual Studio Solution File, Format Version 12.00
# Visual Studio Version 16
VisualStudioVersion = 16.0.33130.400
MinimumVisualStudioVersion = 10.0.40219.1
Project("{FAE04EC0-301F-11D3-BF4B-00C04F79EFBC}") = "lab 6 .2", "lab 6 .2.csproj", "{EAC68D0F-010E-4A9C-934E-C1129A379305}"
EndProject
Global
	GlobalSection(SolutionConfigurationPlatforms) = preSolution
		Debug|Any CPU = Debug|Any CPU
		Release|Any CPU = Release|Any CPU
	EndGlobalSection
	GlobalSection(ProjectConfigurationPlatforms) = postSolution
		{EAC68D0F-010E-4A9C-934E-C1129A379305}.Debug|Any CPU.ActiveCfg = Debug|Any CPU
		{EAC68D0F-010E-4A9C-934E-C1129A379305}.Debug|Any CPU.Build.0 = Debug|Any CPU
		{EAC68D0F-010E-4A9C-934E-C1129A379305}.Release|Any CPU.ActiveCfg = Release|Any CPU
		{EAC68D0F-010E-4A9C-934E-C1129A379305}.Release|Any CPU.Build.0 = Release|Any CPU
	EndGlobalSection
	GlobalSection(SolutionProperties) = preSolution
		HideSolutionNode = FALSE
	EndGlobalSection
	GlobalSection(ExtensibilityGlobals) = postSolution
		SolutionGuid = {F5DF7772-07DC-41F2-85AB-0D2D337CF278}
	EndGlobalSection
EndGlobal
