
Microsoft Visual Studio Solution File, Format Version 12.00
# Visual Studio Version 16
VisualStudioVersion = 16.0.33130.400
MinimumVisualStudioVersion = 10.0.40219.1
Project("{FAE04EC0-301F-11D3-BF4B-00C04F79EFBC}") = "lab 6", "lab 6.csproj", "{27EF7486-29D5-4E6E-86E9-81C1B4303C26}"
EndProject
Global
	GlobalSection(SolutionConfigurationPlatforms) = preSolution
		Debug|Any CPU = Debug|Any CPU
		Release|Any CPU = Release|Any CPU
	EndGlobalSection
	GlobalSection(ProjectConfigurationPlatforms) = postSolution
		{27EF7486-29D5-4E6E-86E9-81C1B4303C26}.Debug|Any CPU.ActiveCfg = Debug|Any CPU
		{27EF7486-29D5-4E6E-86E9-81C1B4303C26}.Debug|Any CPU.Build.0 = Debug|Any CPU
		{27EF7486-29D5-4E6E-86E9-81C1B4303C26}.Release|Any CPU.ActiveCfg = Release|Any CPU
		{27EF7486-29D5-4E6E-86E9-81C1B4303C26}.Release|Any CPU.Build.0 = Release|Any CPU
	EndGlobalSection
	GlobalSection(SolutionProperties) = preSolution
		HideSolutionNode = FALSE
	EndGlobalSection
	GlobalSection(ExtensibilityGlobals) = postSolution
		SolutionGuid = {C82FDDEB-C473-462E-8D42-7CB6A037BEE5}
	EndGlobalSection
EndGlobal
