
Microsoft Visual Studio Solution File, Format Version 12.00
# Visual Studio Version 16
VisualStudioVersion = 16.0.33130.400
MinimumVisualStudioVersion = 10.0.40219.1
Project("{FAE04EC0-301F-11D3-BF4B-00C04F79EFBC}") = "ConsoleApp1", "ConsoleApp1.csproj", "{EE14A481-D88E-4FE0-9B8C-41F0364C11BF}"
EndProject
Global
	GlobalSection(SolutionConfigurationPlatforms) = preSolution
		Debug|Any CPU = Debug|Any CPU
		Release|Any CPU = Release|Any CPU
	EndGlobalSection
	GlobalSection(ProjectConfigurationPlatforms) = postSolution
		{EE14A481-D88E-4FE0-9B8C-41F0364C11BF}.Debug|Any CPU.ActiveCfg = Debug|Any CPU
		{EE14A481-D88E-4FE0-9B8C-41F0364C11BF}.Debug|Any CPU.Build.0 = Debug|Any CPU
		{EE14A481-D88E-4FE0-9B8C-41F0364C11BF}.Release|Any CPU.ActiveCfg = Release|Any CPU
		{EE14A481-D88E-4FE0-9B8C-41F0364C11BF}.Release|Any CPU.Build.0 = Release|Any CPU
	EndGlobalSection
	GlobalSection(SolutionProperties) = preSolution
		HideSolutionNode = FALSE
	EndGlobalSection
	GlobalSection(ExtensibilityGlobals) = postSolution
		SolutionGuid = {B7EB37D9-45E2-43C2-BC6D-B932366618CB}
	EndGlobalSection
EndGlobal
